// !$*UTF8*$!
{
	archiveVersion = 1;
	classes = {
	};
	objectVersion = 56;
	objects = {

/* Begin PBXBuildFile section */
		ECCB637F2975B8580044AA41 /* SwiftUI_DemoApp.swift in Sources */ = {isa = PBXBuildFile; fileRef = ECCB637E2975B8580044AA41 /* SwiftUI_DemoApp.swift */; };
		ECCB63812975B8580044AA41 /* ContentView.swift in Sources */ = {isa = PBXBuildFile; fileRef = ECCB63802975B8580044AA41 /* ContentView.swift */; };
		ECCB63832975B85C0044AA41 /* Assets.xcassets in Resources */ = {isa = PBXBuildFile; fileRef = ECCB63822975B85C0044AA41 /* Assets.xcassets */; };
		ECCB63862975B85C0044AA41 /* Preview Assets.xcassets in Resources */ = {isa = PBXBuildFile; fileRef = ECCB63852975B85C0044AA41 /* Preview Assets.xcassets */; };
		ECCB638D2975DBF20044AA41 /* VK_Page.swift in Sources */ = {isa = PBXBuildFile; fileRef = ECCB638C2975DBF20044AA41 /* VK_Page.swift */; };
		ECCB63902975F0B60044AA41 /* Localizable.strings in Resources */ = {isa = PBXBuildFile; fileRef = ECCB63922975F0B60044AA41 /* Localizable.strings */; };
		ECCB63952975F1470044AA41 /* Localizable.swift in Sources */ = {isa = PBXBuildFile; fileRef = ECCB63942975F1470044AA41 /* Localizable.swift */; };
		ECCB63972975F5610044AA41 /* CustoumView.swift in Sources */ = {isa = PBXBuildFile; fileRef = ECCB63962975F5610044AA41 /* CustoumView.swift */; };
		ECCB639A29768CBC0044AA41 /* FeedView.swift in Sources */ = {isa = PBXBuildFile; fileRef = ECCB639929768CBB0044AA41 /* FeedView.swift */; };
		ECCB639C29768D0B0044AA41 /* ProfileView.swift in Sources */ = {isa = PBXBuildFile; fileRef = ECCB639B29768D0B0044AA41 /* ProfileView.swift */; };
		ECCB639E29768D180044AA41 /* PlayerView.swift in Sources */ = {isa = PBXBuildFile; fileRef = ECCB639D29768D180044AA41 /* PlayerView.swift */; };
		ECCB63A029768D260044AA41 /* VideoView.swift in Sources */ = {isa = PBXBuildFile; fileRef = ECCB639F29768D260044AA41 /* VideoView.swift */; };
		ECCB63A229768D330044AA41 /* RecorderView.swift in Sources */ = {isa = PBXBuildFile; fileRef = ECCB63A129768D320044AA41 /* RecorderView.swift */; };
		ECCB63A429768EDC0044AA41 /* MovieContentView.swift in Sources */ = {isa = PBXBuildFile; fileRef = ECCB63A329768EDC0044AA41 /* MovieContentView.swift */; };
		ECCB63A8297730500044AA41 /* ModelMovies.swift in Sources */ = {isa = PBXBuildFile; fileRef = ECCB63A7297730500044AA41 /* ModelMovies.swift */; };
		ECCB63AA29773E600044AA41 /* Film.JSON in Resources */ = {isa = PBXBuildFile; fileRef = ECCB63A929773E600044AA41 /* Film.JSON */; };
		ECCB63AC297828BB0044AA41 /* MovieRow.swift in Sources */ = {isa = PBXBuildFile; fileRef = ECCB63AB297828BB0044AA41 /* MovieRow.swift */; };
		ECCB63B029783AC00044AA41 /* MovieDetail.swift in Sources */ = {isa = PBXBuildFile; fileRef = ECCB63AF29783AC00044AA41 /* MovieDetail.swift */; };
/* End PBXBuildFile section */

/* Begin PBXFileReference section */
		ECCB637B2975B8580044AA41 /* SwiftUI_Demo.app */ = {isa = PBXFileReference; explicitFileType = wrapper.application; includeInIndex = 0; path = SwiftUI_Demo.app; sourceTree = BUILT_PRODUCTS_DIR; };
		ECCB637E2975B8580044AA41 /* SwiftUI_DemoApp.swift */ = {isa = PBXFileReference; lastKnownFileType = sourcecode.swift; path = SwiftUI_DemoApp.swift; sourceTree = "<group>"; };
		ECCB63802975B8580044AA41 /* ContentView.swift */ = {isa = PBXFileReference; lastKnownFileType = sourcecode.swift; path = ContentView.swift; sourceTree = "<group>"; };
		ECCB63822975B85C0044AA41 /* Assets.xcassets */ = {isa = PBXFileReference; lastKnownFileType = folder.assetcatalog; path = Assets.xcassets; sourceTree = "<group>"; };
		ECCB63852975B85C0044AA41 /* Preview Assets.xcassets */ = {isa = PBXFileReference; lastKnownFileType = folder.assetcatalog; path = "Preview Assets.xcassets"; sourceTree = "<group>"; };
		ECCB638C2975DBF20044AA41 /* VK_Page.swift */ = {isa = PBXFileReference; lastKnownFileType = sourcecode.swift; path = VK_Page.swift; sourceTree = "<group>"; };
		ECCB63912975F0B60044AA41 /* en */ = {isa = PBXFileReference; lastKnownFileType = text.plist.strings; name = en; path = en.lproj/Localizable.strings; sourceTree = "<group>"; };
		ECCB63932975F0B80044AA41 /* ru */ = {isa = PBXFileReference; lastKnownFileType = text.plist.strings; name = ru; path = ru.lproj/Localizable.strings; sourceTree = "<group>"; };
		ECCB63942975F1470044AA41 /* Localizable.swift */ = {isa = PBXFileReference; lastKnownFileType = sourcecode.swift; path = Localizable.swift; sourceTree = "<group>"; };
		ECCB63962975F5610044AA41 /* CustoumView.swift */ = {isa = PBXFileReference; lastKnownFileType = sourcecode.swift; path = CustoumView.swift; sourceTree = "<group>"; };
		ECCB639929768CBB0044AA41 /* FeedView.swift */ = {isa = PBXFileReference; lastKnownFileType = sourcecode.swift; path = FeedView.swift; sourceTree = "<group>"; };
		ECCB639B29768D0B0044AA41 /* ProfileView.swift */ = {isa = PBXFileReference; lastKnownFileType = sourcecode.swift; path = ProfileView.swift; sourceTree = "<group>"; };
		ECCB639D29768D180044AA41 /* PlayerView.swift */ = {isa = PBXFileReference; lastKnownFileType = sourcecode.swift; path = PlayerView.swift; sourceTree = "<group>"; };
		ECCB639F29768D260044AA41 /* VideoView.swift */ = {isa = PBXFileReference; lastKnownFileType = sourcecode.swift; path = VideoView.swift; sourceTree = "<group>"; };
		ECCB63A129768D320044AA41 /* RecorderView.swift */ = {isa = PBXFileReference; lastKnownFileType = sourcecode.swift; path = RecorderView.swift; sourceTree = "<group>"; };
		ECCB63A329768EDC0044AA41 /* MovieContentView.swift */ = {isa = PBXFileReference; lastKnownFileType = sourcecode.swift; path = MovieContentView.swift; sourceTree = "<group>"; };
		ECCB63A7297730500044AA41 /* ModelMovies.swift */ = {isa = PBXFileReference; lastKnownFileType = sourcecode.swift; path = ModelMovies.swift; sourceTree = "<group>"; };
		ECCB63A929773E600044AA41 /* Film.JSON */ = {isa = PBXFileReference; fileEncoding = 4; lastKnownFileType = text.json; path = Film.JSON; sourceTree = "<group>"; };
		ECCB63AB297828BB0044AA41 /* MovieRow.swift */ = {isa = PBXFileReference; lastKnownFileType = sourcecode.swift; path = MovieRow.swift; sourceTree = "<group>"; };
		ECCB63AF29783AC00044AA41 /* MovieDetail.swift */ = {isa = PBXFileReference; lastKnownFileType = sourcecode.swift; path = MovieDetail.swift; sourceTree = "<group>"; };
/* End PBXFileReference section */

/* Begin PBXFrameworksBuildPhase section */
		ECCB63782975B8580044AA41 /* Frameworks */ = {
			isa = PBXFrameworksBuildPhase;
			buildActionMask = 2147483647;
			files = (
			);
			runOnlyForDeploymentPostprocessing = 0;
		};
/* End PBXFrameworksBuildPhase section */

/* Begin PBXGroup section */
		ECCB63722975B8580044AA41 = {
			isa = PBXGroup;
			children = (
				ECCB637D2975B8580044AA41 /* SwiftUI_Demo */,
				ECCB637C2975B8580044AA41 /* Products */,
			);
			sourceTree = "<group>";
		};
		ECCB637C2975B8580044AA41 /* Products */ = {
			isa = PBXGroup;
			children = (
				ECCB637B2975B8580044AA41 /* SwiftUI_Demo.app */,
			);
			name = Products;
			sourceTree = "<group>";
		};
		ECCB637D2975B8580044AA41 /* SwiftUI_Demo */ = {
			isa = PBXGroup;
			children = (
				ECCB63A929773E600044AA41 /* Film.JSON */,
				ECCB637E2975B8580044AA41 /* SwiftUI_DemoApp.swift */,
				ECCB63A62977302A0044AA41 /* Model */,
				ECCB63A529772F700044AA41 /* ContentView */,
				ECCB639829768C760044AA41 /* View */,
				ECCB63822975B85C0044AA41 /* Assets.xcassets */,
				ECCB63842975B85C0044AA41 /* Preview Content */,
				ECCB63922975F0B60044AA41 /* Localizable.strings */,
				ECCB63942975F1470044AA41 /* Localizable.swift */,
				ECCB63962975F5610044AA41 /* CustoumView.swift */,
			);
			path = SwiftUI_Demo;
			sourceTree = "<group>";
		};
		ECCB63842975B85C0044AA41 /* Preview Content */ = {
			isa = PBXGroup;
			children = (
				ECCB63852975B85C0044AA41 /* Preview Assets.xcassets */,
			);
			path = "Preview Content";
			sourceTree = "<group>";
		};
		ECCB639829768C760044AA41 /* View */ = {
			isa = PBXGroup;
			children = (
				ECCB63AE297828FB0044AA41 /* Movie_Project */,
				ECCB63AD297828E90044AA41 /* VK_project */,
			);
			path = View;
			sourceTree = "<group>";
		};
		ECCB63A529772F700044AA41 /* ContentView */ = {
			isa = PBXGroup;
			children = (
				ECCB63802975B8580044AA41 /* ContentView.swift */,
				ECCB638C2975DBF20044AA41 /* VK_Page.swift */,
				ECCB63A329768EDC0044AA41 /* MovieContentView.swift */,
			);
			path = ContentView;
			sourceTree = "<group>";
		};
		ECCB63A62977302A0044AA41 /* Model */ = {
			isa = PBXGroup;
			children = (
				ECCB63A7297730500044AA41 /* ModelMovies.swift */,
			);
			path = Model;
			sourceTree = "<group>";
		};
		ECCB63AD297828E90044AA41 /* VK_project */ = {
			isa = PBXGroup;
			children = (
				ECCB639929768CBB0044AA41 /* FeedView.swift */,
				ECCB639B29768D0B0044AA41 /* ProfileView.swift */,
				ECCB639D29768D180044AA41 /* PlayerView.swift */,
				ECCB639F29768D260044AA41 /* VideoView.swift */,
				ECCB63A129768D320044AA41 /* RecorderView.swift */,
			);
			path = VK_project;
			sourceTree = "<group>";
		};
		ECCB63AE297828FB0044AA41 /* Movie_Project */ = {
			isa = PBXGroup;
			children = (
				ECCB63AB297828BB0044AA41 /* MovieRow.swift */,
				ECCB63AF29783AC00044AA41 /* MovieDetail.swift */,
			);
			path = Movie_Project;
			sourceTree = "<group>";
		};
/* End PBXGroup section */

/* Begin PBXNativeTarget section */
		ECCB637A2975B8580044AA41 /* SwiftUI_Demo */ = {
			isa = PBXNativeTarget;
			buildConfigurationList = ECCB63892975B85C0044AA41 /* Build configuration list for PBXNativeTarget "SwiftUI_Demo" */;
			buildPhases = (
				ECCB63772975B8580044AA41 /* Sources */,
				ECCB63782975B8580044AA41 /* Frameworks */,
				ECCB63792975B8580044AA41 /* Resources */,
			);
			buildRules = (
			);
			dependencies = (
			);
			name = SwiftUI_Demo;
			productName = SwiftUI_Demo;
			productReference = ECCB637B2975B8580044AA41 /* SwiftUI_Demo.app */;
			productType = "com.apple.product-type.application";
		};
/* End PBXNativeTarget section */

/* Begin PBXProject section */
		ECCB63732975B8580044AA41 /* Project object */ = {
			isa = PBXProject;
			attributes = {
				BuildIndependentTargetsInParallel = 1;
				LastSwiftUpdateCheck = 1420;
				LastUpgradeCheck = 1420;
				TargetAttributes = {
					ECCB637A2975B8580044AA41 = {
						CreatedOnToolsVersion = 14.2;
					};
				};
			};
			buildConfigurationList = ECCB63762975B8580044AA41 /* Build configuration list for PBXProject "SwiftUI_Demo" */;
			compatibilityVersion = "Xcode 14.0";
			developmentRegion = en;
			hasScannedForEncodings = 0;
			knownRegions = (
				en,
				Base,
				ru,
			);
			mainGroup = ECCB63722975B8580044AA41;
			productRefGroup = ECCB637C2975B8580044AA41 /* Products */;
			projectDirPath = "";
			projectRoot = "";
			targets = (
				ECCB637A2975B8580044AA41 /* SwiftUI_Demo */,
			);
		};
/* End PBXProject section */

/* Begin PBXResourcesBuildPhase section */
		ECCB63792975B8580044AA41 /* Resources */ = {
			isa = PBXResourcesBuildPhase;
			buildActionMask = 2147483647;
			files = (
				ECCB63862975B85C0044AA41 /* Preview Assets.xcassets in Resources */,
				ECCB63AA29773E600044AA41 /* Film.JSON in Resources */,
				ECCB63902975F0B60044AA41 /* Localizable.strings in Resources */,
				ECCB63832975B85C0044AA41 /* Assets.xcassets in Resources */,
			);
			runOnlyForDeploymentPostprocessing = 0;
		};
/* End PBXResourcesBuildPhase section */

/* Begin PBXSourcesBuildPhase section */
		ECCB63772975B8580044AA41 /* Sources */ = {
			isa = PBXSourcesBuildPhase;
			buildActionMask = 2147483647;
			files = (
				ECCB63972975F5610044AA41 /* CustoumView.swift in Sources */,
				ECCB63B029783AC00044AA41 /* MovieDetail.swift in Sources */,
				ECCB63AC297828BB0044AA41 /* MovieRow.swift in Sources */,
				ECCB63812975B8580044AA41 /* ContentView.swift in Sources */,
				ECCB638D2975DBF20044AA41 /* VK_Page.swift in Sources */,
				ECCB639E29768D180044AA41 /* PlayerView.swift in Sources */,
				ECCB63952975F1470044AA41 /* Localizable.swift in Sources */,
				ECCB63A429768EDC0044AA41 /* MovieContentView.swift in Sources */,
				ECCB639A29768CBC0044AA41 /* FeedView.swift in Sources */,
				ECCB63A229768D330044AA41 /* RecorderView.swift in Sources */,
				ECCB63A8297730500044AA41 /* ModelMovies.swift in Sources */,
				ECCB63A029768D260044AA41 /* VideoView.swift in Sources */,
				ECCB639C29768D0B0044AA41 /* ProfileView.swift in Sources */,
				ECCB637F2975B8580044AA41 /* SwiftUI_DemoApp.swift in Sources */,
			);
			runOnlyForDeploymentPostprocessing = 0;
		};
/* End PBXSourcesBuildPhase section */

/* Begin PBXVariantGroup section */
		ECCB63922975F0B60044AA41 /* Localizable.strings */ = {
			isa = PBXVariantGroup;
			children = (
				ECCB63912975F0B60044AA41 /* en */,
				ECCB63932975F0B80044AA41 /* ru */,
			);
			name = Localizable.strings;
			sourceTree = "<group>";
		};
/* End PBXVariantGroup section */

/* Begin XCBuildConfiguration section */
		ECCB63872975B85C0044AA41 /* Debug */ = {
			isa = XCBuildConfiguration;
			buildSettings = {
				ALWAYS_SEARCH_USER_PATHS = NO;
				CLANG_ANALYZER_NONNULL = YES;
				CLANG_ANALYZER_NUMBER_OBJECT_CONVERSION = YES_AGGRESSIVE;
				CLANG_CXX_LANGUAGE_STANDARD = "gnu++20";
				CLANG_ENABLE_MODULES = YES;
				CLANG_ENABLE_OBJC_ARC = YES;
				CLANG_ENABLE_OBJC_WEAK = YES;
				CLANG_WARN_BLOCK_CAPTURE_AUTORELEASING = YES;
				CLANG_WARN_BOOL_CONVERSION = YES;
				CLANG_WARN_COMMA = YES;
				CLANG_WARN_CONSTANT_CONVERSION = YES;
				CLANG_WARN_DEPRECATED_OBJC_IMPLEMENTATIONS = YES;
				CLANG_WARN_DIRECT_OBJC_ISA_USAGE = YES_ERROR;
				CLANG_WARN_DOCUMENTATION_COMMENTS = YES;
				CLANG_WARN_EMPTY_BODY = YES;
				CLANG_WARN_ENUM_CONVERSION = YES;
				CLANG_WARN_INFINITE_RECURSION = YES;
				CLANG_WARN_INT_CONVERSION = YES;
				CLANG_WARN_NON_LITERAL_NULL_CONVERSION = YES;
				CLANG_WARN_OBJC_IMPLICIT_RETAIN_SELF = YES;
				CLANG_WARN_OBJC_LITERAL_CONVERSION = YES;
				CLANG_WARN_OBJC_ROOT_CLASS = YES_ERROR;
				CLANG_WARN_QUOTED_INCLUDE_IN_FRAMEWORK_HEADER = YES;
				CLANG_WARN_RANGE_LOOP_ANALYSIS = YES;
				CLANG_WARN_STRICT_PROTOTYPES = YES;
				CLANG_WARN_SUSPICIOUS_MOVE = YES;
				CLANG_WARN_UNGUARDED_AVAILABILITY = YES_AGGRESSIVE;
				CLANG_WARN_UNREACHABLE_CODE = YES;
				CLANG_WARN__DUPLICATE_METHOD_MATCH = YES;
				COPY_PHASE_STRIP = NO;
				DEBUG_INFORMATION_FORMAT = dwarf;
				ENABLE_STRICT_OBJC_MSGSEND = YES;
				ENABLE_TESTABILITY = YES;
				GCC_C_LANGUAGE_STANDARD = gnu11;
				GCC_DYNAMIC_NO_PIC = NO;
				GCC_NO_COMMON_BLOCKS = YES;
				GCC_OPTIMIZATION_LEVEL = 0;
				GCC_PREPROCESSOR_DEFINITIONS = (
					"DEBUG=1",
					"$(inherited)",
				);
				GCC_WARN_64_TO_32_BIT_CONVERSION = YES;
				GCC_WARN_ABOUT_RETURN_TYPE = YES_ERROR;
				GCC_WARN_UNDECLARED_SELECTOR = YES;
				GCC_WARN_UNINITIALIZED_AUTOS = YES_AGGRESSIVE;
				GCC_WARN_UNUSED_FUNCTION = YES;
				GCC_WARN_UNUSED_VARIABLE = YES;
				IPHONEOS_DEPLOYMENT_TARGET = 16.2;
				MTL_ENABLE_DEBUG_INFO = INCLUDE_SOURCE;
				MTL_FAST_MATH = YES;
				ONLY_ACTIVE_ARCH = YES;
				SDKROOT = iphoneos;
				SWIFT_ACTIVE_COMPILATION_CONDITIONS = DEBUG;
				SWIFT_OPTIMIZATION_LEVEL = "-Onone";
			};
			name = Debug;
		};
		ECCB63882975B85C0044AA41 /* Release */ = {
			isa = XCBuildConfiguration;
			buildSettings = {
				ALWAYS_SEARCH_USER_PATHS = NO;
				CLANG_ANALYZER_NONNULL = YES;
				CLANG_ANALYZER_NUMBER_OBJECT_CONVERSION = YES_AGGRESSIVE;
				CLANG_CXX_LANGUAGE_STANDARD = "gnu++20";
				CLANG_ENABLE_MODULES = YES;
				CLANG_ENABLE_OBJC_ARC = YES;
				CLANG_ENABLE_OBJC_WEAK = YES;
				CLANG_WARN_BLOCK_CAPTURE_AUTORELEASING = YES;
				CLANG_WARN_BOOL_CONVERSION = YES;
				CLANG_WARN_COMMA = YES;
				CLANG_WARN_CONSTANT_CONVERSION = YES;
				CLANG_WARN_DEPRECATED_OBJC_IMPLEMENTATIONS = YES;
				CLANG_WARN_DIRECT_OBJC_ISA_USAGE = YES_ERROR;
				CLANG_WARN_DOCUMENTATION_COMMENTS = YES;
				CLANG_WARN_EMPTY_BODY = YES;
				CLANG_WARN_ENUM_CONVERSION = YES;
				CLANG_WARN_INFINITE_RECURSION = YES;
				CLANG_WARN_INT_CONVERSION = YES;
				CLANG_WARN_NON_LITERAL_NULL_CONVERSION = YES;
				CLANG_WARN_OBJC_IMPLICIT_RETAIN_SELF = YES;
				CLANG_WARN_OBJC_LITERAL_CONVERSION = YES;
				CLANG_WARN_OBJC_ROOT_CLASS = YES_ERROR;
				CLANG_WARN_QUOTED_INCLUDE_IN_FRAMEWORK_HEADER = YES;
				CLANG_WARN_RANGE_LOOP_ANALYSIS = YES;
				CLANG_WARN_STRICT_PROTOTYPES = YES;
				CLANG_WARN_SUSPICIOUS_MOVE = YES;
				CLANG_WARN_UNGUARDED_AVAILABILITY = YES_AGGRESSIVE;
				CLANG_WARN_UNREACHABLE_CODE = YES;
				CLANG_WARN__DUPLICATE_METHOD_MATCH = YES;
				COPY_PHASE_STRIP = NO;
				DEBUG_INFORMATION_FORMAT = "dwarf-with-dsym";
				ENABLE_NS_ASSERTIONS = NO;
				ENABLE_STRICT_OBJC_MSGSEND = YES;
				GCC_C_LANGUAGE_STANDARD = gnu11;
				GCC_NO_COMMON_BLOCKS = YES;
				GCC_WARN_64_TO_32_BIT_CONVERSION = YES;
				GCC_WARN_ABOUT_RETURN_TYPE = YES_ERROR;
				GCC_WARN_UNDECLARED_SELECTOR = YES;
				GCC_WARN_UNINITIALIZED_AUTOS = YES_AGGRESSIVE;
				GCC_WARN_UNUSED_FUNCTION = YES;
				GCC_WARN_UNUSED_VARIABLE = YES;
				IPHONEOS_DEPLOYMENT_TARGET = 16.2;
				MTL_ENABLE_DEBUG_INFO = NO;
				MTL_FAST_MATH = YES;
				SDKROOT = iphoneos;
				SWIFT_COMPILATION_MODE = wholemodule;
				SWIFT_OPTIMIZATION_LEVEL = "-O";
				VALIDATE_PRODUCT = YES;
			};
			name = Release;
		};
		ECCB638A2975B85C0044AA41 /* Debug */ = {
			isa = XCBuildConfiguration;
			buildSettings = {
				ASSETCATALOG_COMPILER_APPICON_NAME = AppIcon;
				ASSETCATALOG_COMPILER_GLOBAL_ACCENT_COLOR_NAME = AccentColor;
				CODE_SIGN_STYLE = Automatic;
				CURRENT_PROJECT_VERSION = 1;
				DEVELOPMENT_ASSET_PATHS = "\"SwiftUI_Demo/Preview Content\"";
				DEVELOPMENT_TEAM = 5V4PQH75UR;
				ENABLE_PREVIEWS = YES;
				GENERATE_INFOPLIST_FILE = YES;
				INFOPLIST_KEY_UIApplicationSceneManifest_Generation = YES;
				INFOPLIST_KEY_UIApplicationSupportsIndirectInputEvents = YES;
				INFOPLIST_KEY_UILaunchScreen_Generation = YES;
				INFOPLIST_KEY_UISupportedInterfaceOrientations_iPad = "UIInterfaceOrientationPortrait UIInterfaceOrientationPortraitUpsideDown UIInterfaceOrientationLandscapeLeft UIInterfaceOrientationLandscapeRight";
				INFOPLIST_KEY_UISupportedInterfaceOrientations_iPhone = "UIInterfaceOrientationPortrait UIInterfaceOrientationLandscapeLeft UIInterfaceOrientationLandscapeRight";
				LD_RUNPATH_SEARCH_PATHS = (
					"$(inherited)",
					"@executable_path/Frameworks",
				);
				MARKETING_VERSION = 1.0;
				PRODUCT_BUNDLE_IDENTIFIER = "-.SwiftUI-Demo";
				PRODUCT_NAME = "$(TARGET_NAME)";
				SWIFT_EMIT_LOC_STRINGS = YES;
				SWIFT_VERSION = 5.0;
				TARGETED_DEVICE_FAMILY = "1,2";
			};
			name = Debug;
		};
		ECCB638B2975B85C0044AA41 /* Release */ = {
			isa = XCBuildConfiguration;
			buildSettings = {
				ASSETCATALOG_COMPILER_APPICON_NAME = AppIcon;
				ASSETCATALOG_COMPILER_GLOBAL_ACCENT_COLOR_NAME = AccentColor;
				CODE_SIGN_STYLE = Automatic;
				CURRENT_PROJECT_VERSION = 1;
				DEVELOPMENT_ASSET_PATHS = "\"SwiftUI_Demo/Preview Content\"";
				DEVELOPMENT_TEAM = 5V4PQH75UR;
				ENABLE_PREVIEWS = YES;
				GENERATE_INFOPLIST_FILE = YES;
				INFOPLIST_KEY_UIApplicationSceneManifest_Generation = YES;
				INFOPLIST_KEY_UIApplicationSupportsIndirectInputEvents = YES;
				INFOPLIST_KEY_UILaunchScreen_Generation = YES;
				INFOPLIST_KEY_UISupportedInterfaceOrientations_iPad = "UIInterfaceOrientationPortrait UIInterfaceOrientationPortraitUpsideDown UIInterfaceOrientationLandscapeLeft UIInterfaceOrientationLandscapeRight";
				INFOPLIST_KEY_UISupportedInterfaceOrientations_iPhone = "UIInterfaceOrientationPortrait UIInterfaceOrientationLandscapeLeft UIInterfaceOrientationLandscapeRight";
				LD_RUNPATH_SEARCH_PATHS = (
					"$(inherited)",
					"@executable_path/Frameworks",
				);
				MARKETING_VERSION = 1.0;
				PRODUCT_BUNDLE_IDENTIFIER = "-.SwiftUI-Demo";
				PRODUCT_NAME = "$(TARGET_NAME)";
				SWIFT_EMIT_LOC_STRINGS = YES;
				SWIFT_VERSION = 5.0;
				TARGETED_DEVICE_FAMILY = "1,2";
			};
			name = Release;
		};
/* End XCBuildConfiguration section */

/* Begin XCConfigurationList section */
		ECCB63762975B8580044AA41 /* Build configuration list for PBXProject "SwiftUI_Demo" */ = {
			isa = XCConfigurationList;
			buildConfigurations = (
				ECCB63872975B85C0044AA41 /* Debug */,
				ECCB63882975B85C0044AA41 /* Release */,
			);
			defaultConfigurationIsVisible = 0;
			defaultConfigurationName = Release;
		};
		ECCB63892975B85C0044AA41 /* Build configuration list for PBXNativeTarget "SwiftUI_Demo" */ = {
			isa = XCConfigurationList;
			buildConfigurations = (
				ECCB638A2975B85C0044AA41 /* Debug */,
				ECCB638B2975B85C0044AA41 /* Release */,
			);
			defaultConfigurationIsVisible = 0;
			defaultConfigurationName = Release;
		};
/* End XCConfigurationList section */
	};
	rootObject = ECCB63732975B8580044AA41 /* Project object */;
}
